# THIS IS AN AUTOGENERATED FILE. DO NOT EDIT THIS FILE DIRECTLY.
# yarn lockfile v1


jenkins@^0.28.1:
  version "0.28.1"
  resolved "https://registry.npmjs.org/jenkins/-/jenkins-0.28.1.tgz#f7951798ee5d2bb501a831979b6b5ecc1a922a64"
  integrity sha512-gcC4QUrP4VzdqOMHoVzh36XlJprxJkI2HGLQSY7w84KoCTVNDcR/8O00tYyXp9vrZOx4wl5zCXLVKMgH2IoyJQ==
  dependencies:
    papi "^0.29.0"

papi@^0.29.0:
  version "0.29.1"
  resolved "https://registry.npmjs.org/papi/-/papi-0.29.1.tgz#7373e2c527f5117d61fd2a0e6c6b1dd72bf7f180"
  integrity sha512-Y9ipSMfWuuVFO3zY9PlxOmEg+bQ7CeJ28sa9/a0veYNynLf9fwjR3+3fld5otEy7okUaEOUuCHVH62MyTmACXQ==
