# THIS IS AN AUTOGENERATED FILE. DO NOT EDIT THIS FILE DIRECTLY.
# yarn lockfile v1


"@ra-lib/ajax@0.1.43":
  version "0.1.43"
  resolved "https://registry.npmjs.org/@ra-lib/ajax/-/ajax-0.1.43.tgz#f41601c72166128c15a9c16c0e14ea084b6bb374"
  integrity sha512-rbp0/FnF9vTRdqbuAp0DSaLw4ZuFJdPCXa30tLN5rvTTEO3qOOHuChS496ogBEmFzUFr5N+F96DYC7j7s6ac4A==

"@ra-lib/babel-plugin-attribute-wrapper@^0.0.20":
  version "0.0.20"
  resolved "https://registry.npmjs.org/@ra-lib/babel-plugin-attribute-wrapper/-/babel-plugin-attribute-wrapper-0.0.20.tgz#15929da0f1d2643f22323f8c2c5be6197b981bc0"
  integrity sha512-6cB21bF906ZPKhnEOG1caT8n76gn8VzULQG5yAXUvkB01RyDkXpLxh1ubKW7fMsiQJw9SbDgftZbHZqDQVyq/w==

"@ra-lib/components@^0.1.100":
  version "0.1.100"
  resolved "https://registry.npmjs.org/@ra-lib/components/-/components-0.1.100.tgz#5beab4894fb456c79524d7adf1c11e48f8cc8f6b"
  integrity sha512-hw64StSyG+iWy2AEOKM0DOCxIdP0qDiJ/zWQhqkfhAntSk+D3daJy9YAqmAypwkRB8sRTZ2KEF6mXhJ+G3J3CQ==

"@ra-lib/config-loader@0.1.9":
  version "0.1.9"
  resolved "https://registry.npmjs.org/@ra-lib/config-loader/-/config-loader-0.1.9.tgz#8da89878a2d7829fb97a78c1ba78a73e8606b1f3"
  integrity sha512-a+Ms8fLQSRr9nskbRt7bQHmwCoupKGEAg95gukymSyEqiQg0pvY6Tc2qkCayIaFBzZTGmrz33QePUGM5VZNW1g==

"@ra-lib/hoc@0.1.10":
  version "0.1.10"
  resolved "https://registry.npmjs.org/@ra-lib/hoc/-/hoc-0.1.10.tgz#bc1cb7ed4d18c85e952a730283fe6b65e56b828f"
  integrity sha512-uEoSdX7OG0wozFc8Co1oX61soHmb0OrkzAdKJBQPgZdD+4pubEtgVAu2E1VJo9DBKXnkn/wxLS7EOjZl4zhbKw==

"@ra-lib/hooks@0.1.11":
  version "0.1.11"
  resolved "https://registry.npmjs.org/@ra-lib/hooks/-/hooks-0.1.11.tgz#6a2406cadf0ce328f832742f7966e9a634366517"
  integrity sha512-7W7Sm8MUTK28FtSwKnkzM5D2WR9MVjWZ/GYZe0H/RVECjjU2TRaZMM2X+gfsfbeOf+R0f8N+4zy9zOhhmughLQ==

"@ra-lib/model@^0.1.11":
  version "0.1.11"
  resolved "https://registry.npmjs.org/@ra-lib/model/-/model-0.1.11.tgz#cc68606223a1e53c48b6c31d40067d8deb6f4b27"
  integrity sha512-wzOhEm77wtyiXdPDSehYcwIY4EDP3jjP2MnueiKZ5F+3Y1ExzVdmdnQ0MzAN6L126NJQ86T+lgE/f8pkUMo4Jg==

"@ra-lib/util@^0.1.27":
  version "0.1.27"
  resolved "https://registry.npmjs.org/@ra-lib/util/-/util-0.1.27.tgz#b8d6a09029d208b06629a196f6733c28a7cbd2ce"
  integrity sha512-UgkZuZXwWe9iwxG2AMK89cYvRIxqAt9TBCLVvuc8Hu4Iwee4+mc0d+UYaE9/Ia9LiD5r5WqKUK5vdIuhNoDXIw==
