{
    "name": "@ra-lib/admin",
    "version": "0.0.3",
    "lockfileVersion": 1,
    "requires": true,
    "dependencies": {
        "@ra-lib/ajax": {
            "version": "0.1.9",
            "resolved": "https://registry.npmjs.org/@ra-lib/ajax/-/ajax-0.1.9.tgz",
            "integrity": "sha512-j76+ObcWJdrngKS02RvED+ChEQOkG87QmyHpcCrVVP6csdV8cVIDJ5XsagSfiYhIs74qLuFvGG/XAp3cPex87Q=="
        },
        "@ra-lib/babel-plugin-attribute-wrapper": {
            "version": "0.0.6",
            "resolved": "https://registry.npmjs.org/@ra-lib/babel-plugin-attribute-wrapper/-/babel-plugin-attribute-wrapper-0.0.6.tgz",
            "integrity": "sha512-V2ykaALjn1ToMd5i9Tp4ncyY99t2zbWg+gECkmSqErqrzmLVvH/iojPBn9l6h+zHhzW3q+T6VvBpqRmVWriLww=="
        },
        "@ra-lib/components": {
            "version": "0.1.60",
            "resolved": "https://registry.npmjs.org/@ra-lib/components/-/components-0.1.60.tgz",
            "integrity": "sha512-36KAkouRXQzJ0S5DDoS1I0nN8eailFjtMSBuBII70kSYDQpShXRipbuEDpR5Hhrv/3tX6HJUvBP57ZkoXTkmHA=="
        },
        "@ra-lib/config-loader": {
            "version": "0.1.6",
            "resolved": "https://registry.npmjs.org/@ra-lib/config-loader/-/config-loader-0.1.6.tgz",
            "integrity": "sha512-IvWujA3SSqmwHuJSk2R8Wna/fHL+P75JH8o4qxCA2LKPWX94b6Gykr+NUJPmfbREPqkSqNkN9x4dIiJf7TyiRQ=="
        },
        "@ra-lib/hoc": {
            "version": "0.1.2",
            "resolved": "https://registry.npmjs.org/@ra-lib/hoc/-/hoc-0.1.2.tgz",
            "integrity": "sha512-qUu9LdE/s/xxWXfbpgYMmwv3ikWfK5EFzaEmPWPe3dLVpu/Nufh7QvsYGs6E3QllbgARTpeh9PeoUNROkxippg=="
        },
        "@ra-lib/hooks": {
            "version": "0.1.6",
            "resolved": "https://registry.npmjs.org/@ra-lib/hooks/-/hooks-0.1.6.tgz",
            "integrity": "sha512-ckbZdU5ye/q96A/YNSW9I83PYWa8wzA8iN3FiUOmI+9JJd/h2MnhqLFjNJm1ydA/hdmGiFFirxEW2IYkvFJLoQ=="
        },
        "@ra-lib/model": {
            "version": "0.1.2",
            "resolved": "https://registry.npmjs.org/@ra-lib/model/-/model-0.1.2.tgz",
            "integrity": "sha512-M7j+QFOfpsyB6FUGF6azjX6WuH3/96ZYxHmKFiK6Oycjom6YTXJ5ry0YOwAymSQ+J8U3BLsYjsJEMu6764BPVA=="
        },
        "@ra-lib/util": {
            "version": "0.1.15",
            "resolved": "https://registry.npmjs.org/@ra-lib/util/-/util-0.1.15.tgz",
            "integrity": "sha512-QzlDAMrIFuWkNoNNQTS19j03uUu2kgDhY+4DkfJv2idX57MvaW92UAR4MxZQ8HbV2xJoELSGBHWIMgAOmxHUnA=="
        }
    }
}
