# THIS IS AN AUTOGENERATED FILE. DO NOT EDIT THIS FILE DIRECTLY.
# yarn lockfile v1


"@ra-lib/ajax@^0.1.24":
  version "0.1.24"
  resolved "https://registry.npmjs.org/@ra-lib/ajax/-/ajax-0.1.24.tgz#6feb278b1ba79c8ec814010def49e8888588c0fe"
  integrity sha512-5bZp6K4gnkQvgqTGKjK+cnsnlyVhq3krZnPyb4ZqeNuIjTr9AC+OQHfH53N73zzXU0QszLz1KsGKOJhMamI62A==

"@ra-lib/babel-plugin-attribute-wrapper@^0.0.17":
  version "0.0.17"
  resolved "https://registry.npmjs.org/@ra-lib/babel-plugin-attribute-wrapper/-/babel-plugin-attribute-wrapper-0.0.17.tgz#f50143453540057d16301451aea9077bed55449a"
  integrity sha512-0qGGi0d9//EO9j02Gm59w8K+GyP580lluNfYo81GuRuNXnckiI3NejEGKpIyZGHLrY4VsSaxeZRVpn6+GbkoYg==

"@ra-lib/components@^0.1.85":
  version "0.1.85"
  resolved "https://registry.npmjs.org/@ra-lib/components/-/components-0.1.85.tgz#8fb5932100855f731569a929c18d96338c637071"
  integrity sha512-J1Cjx8xI+wCOv13YK8o63rJ1W7Dab0hWwYC5Cc83uXGC3BS4J+fB3TrYiYfFvQa7dB6T5BPZsxGG7P0Gg5BJLQ==

"@ra-lib/config-loader@^0.1.6":
  version "0.1.6"
  resolved "https://registry.npmjs.org/@ra-lib/config-loader/-/config-loader-0.1.6.tgz#5a3a75cf5625712dcbd51660c85158e8168d969b"
  integrity sha512-IvWujA3SSqmwHuJSk2R8Wna/fHL+P75JH8o4qxCA2LKPWX94b6Gykr+NUJPmfbREPqkSqNkN9x4dIiJf7TyiRQ==

"@ra-lib/hoc@^0.1.6":
  version "0.1.6"
  resolved "https://registry.npmjs.org/@ra-lib/hoc/-/hoc-0.1.6.tgz#efdea494b720ede5015baafc34d3833f666effb3"
  integrity sha512-+IG3n7nLhCrWaqKzGT7T6KhxeNwz/TrRownT68/Ab9e3N2XP8DrdSp9FefGkNq7asGAcy8C1lMDmjfItGmKpuw==

"@ra-lib/hooks@^0.1.8":
  version "0.1.8"
  resolved "https://registry.npmjs.org/@ra-lib/hooks/-/hooks-0.1.8.tgz#d386ecd6ef297d0ea501f5570967bf9f1f55d935"
  integrity sha512-ue67jnIxzc+0/e7dV+UUvGJirYjgnMjC8IDLv58HKDAyCYm/nDBrSjWrgwqJBA9HLCZRpQg2EtIVeZUHt060zg==

"@ra-lib/model@^0.1.9":
  version "0.1.9"
  resolved "https://registry.npmjs.org/@ra-lib/model/-/model-0.1.9.tgz#e5476b4c4a77a47809968d20baab29e97caf372c"
  integrity sha512-jTSpLIMXnEU4xNxDZ75BBz8ZeTv2nG4WPgftdClfYFXOpEaftSFJ2ZS/EurpusKNxh36iWQ8Iv7DNbFPBnEwrw==

"@ra-lib/util@^0.1.21":
  version "0.1.21"
  resolved "https://registry.npmjs.org/@ra-lib/util/-/util-0.1.21.tgz#b2ddf41abe95b0249a6cc27bb3e3a09985e5e3cd"
  integrity sha512-7E8KDVQ5JQww4oA4krI+2iVDxVe99Cxl6toPKmgMHZwKne7s14sevmpBi81fTbtWgn4XzxaUvPVCW8Ag/fxBYQ==
