# THIS IS AN AUTOGENERATED FILE. DO NOT EDIT THIS FILE DIRECTLY.
# yarn lockfile v1


"@ra-lib/ajax@^0.1.22":
  version "0.1.22"
  resolved "https://registry.nlark.com/@ra-lib/ajax/download/@ra-lib/ajax-0.1.22.tgz#8986fd142e3ff684dee3a931f3106dabcef0c954"
  integrity sha1-iYb9FC4/9oTe46kx8xBtq87wyVQ=

"@ra-lib/babel-plugin-attribute-wrapper@^0.0.8":
  version "0.0.8"
  resolved "https://registry.nlark.com/@ra-lib/babel-plugin-attribute-wrapper/download/@ra-lib/babel-plugin-attribute-wrapper-0.0.8.tgz#d870e4630f03ba97683e53460e8bce29b412bc10"
  integrity sha1-2HDkYw8DupdoPlNGDovOKbQSvBA=

"@ra-lib/components@^0.1.74":
  version "0.1.74"
  resolved "https://registry.nlark.com/@ra-lib/components/download/@ra-lib/components-0.1.74.tgz#dc0201e22aa7076aa3a1be9fec392222cdc005ce"
  integrity sha1-3AIB4iqnB2qjob6f7DkiIs3ABc4=

"@ra-lib/config-loader@^0.1.6":
  version "0.1.6"
  resolved "https://registry.nlark.com/@ra-lib/config-loader/download/@ra-lib/config-loader-0.1.6.tgz#5a3a75cf5625712dcbd51660c85158e8168d969b"
  integrity sha1-Wjp1z1YlcS3L1RZgyFFY6BaNlps=

"@ra-lib/hoc@^0.1.6":
  version "0.1.6"
  resolved "https://registry.nlark.com/@ra-lib/hoc/download/@ra-lib/hoc-0.1.6.tgz#efdea494b720ede5015baafc34d3833f666effb3"
  integrity sha1-796klLcg7eUBW6r8NNODP2Zu/7M=

"@ra-lib/hooks@^0.1.8":
  version "0.1.8"
  resolved "https://registry.nlark.com/@ra-lib/hooks/download/@ra-lib/hooks-0.1.8.tgz#d386ecd6ef297d0ea501f5570967bf9f1f55d935"
  integrity sha1-04bs1u8pfQ6lAfVXCWe/nx9V2TU=

"@ra-lib/model@^0.1.7":
  version "0.1.7"
  resolved "https://registry.nlark.com/@ra-lib/model/download/@ra-lib/model-0.1.7.tgz#36f0eb2e4141d1ae471f704de34602ca62ce4849"
  integrity sha1-NvDrLkFB0a5HH3BN40YCymLOSEk=

"@ra-lib/util@^0.1.21":
  version "0.1.21"
  resolved "https://registry.nlark.com/@ra-lib/util/download/@ra-lib/util-0.1.21.tgz#b2ddf41abe95b0249a6cc27bb3e3a09985e5e3cd"
  integrity sha1-st30Gr6VsCSabMJ7s+OgmYXl480=
