# THIS IS AN AUTOGENERATED FILE. DO NOT EDIT THIS FILE DIRECTLY.
# yarn lockfile v1


"@ra-lib/ajax@^0.1.16":
  version "0.1.16"
  resolved "https://registry.npmjs.org/@ra-lib/ajax/-/ajax-0.1.16.tgz#6370ffb99af36825130b9e4886214aa50db31395"
  integrity sha512-TsjnWJniZMhcgsuXZ7x1baP9xP6Uwe3QEnK/bpOm04voyTSrjL99V6hoVUCZ5PfORWBB1yDcAUuKx1XNtycYug==

"@ra-lib/babel-plugin-attribute-wrapper@^0.0.8":
  version "0.0.8"
  resolved "https://registry.npmjs.org/@ra-lib/babel-plugin-attribute-wrapper/-/babel-plugin-attribute-wrapper-0.0.8.tgz#d870e4630f03ba97683e53460e8bce29b412bc10"
  integrity sha512-BLSuuwQUB5cH0Uiti2/jSowgVxSKqTpVxQQGJhM0/C/DZNGosXN9QQaNCQnTO+/C8drvjWALFZChJ3iqKwfrYg==

"@ra-lib/components@^0.1.74":
  version "0.1.74"
  resolved "https://registry.npmjs.org/@ra-lib/components/-/components-0.1.74.tgz#dc0201e22aa7076aa3a1be9fec392222cdc005ce"
  integrity sha512-nGSAZ5BUBnFixYh1yUKLhJGYA6VGRwD0PVYr023fjxsZHcTe9OaVD4t3YkW92RKOgdbkCjork+3l23X9xaxXkw==

"@ra-lib/config-loader@^0.1.6":
  version "0.1.6"
  resolved "https://registry.npmjs.org/@ra-lib/config-loader/-/config-loader-0.1.6.tgz#5a3a75cf5625712dcbd51660c85158e8168d969b"
  integrity sha512-IvWujA3SSqmwHuJSk2R8Wna/fHL+P75JH8o4qxCA2LKPWX94b6Gykr+NUJPmfbREPqkSqNkN9x4dIiJf7TyiRQ==

"@ra-lib/hoc@^0.1.6":
  version "0.1.6"
  resolved "https://registry.npmjs.org/@ra-lib/hoc/-/hoc-0.1.6.tgz#efdea494b720ede5015baafc34d3833f666effb3"
  integrity sha512-+IG3n7nLhCrWaqKzGT7T6KhxeNwz/TrRownT68/Ab9e3N2XP8DrdSp9FefGkNq7asGAcy8C1lMDmjfItGmKpuw==

"@ra-lib/hooks@^0.1.8":
  version "0.1.8"
  resolved "https://registry.npmjs.org/@ra-lib/hooks/-/hooks-0.1.8.tgz#d386ecd6ef297d0ea501f5570967bf9f1f55d935"
  integrity sha512-ue67jnIxzc+0/e7dV+UUvGJirYjgnMjC8IDLv58HKDAyCYm/nDBrSjWrgwqJBA9HLCZRpQg2EtIVeZUHt060zg==

"@ra-lib/model@^0.1.5":
  version "0.1.5"
  resolved "https://registry.npmjs.org/@ra-lib/model/-/model-0.1.5.tgz#9ea614f629127fc3d037ddbd5e48ab79791172fe"
  integrity sha512-2TwKyD6VS23pGEgqIaYFnzn7PV50od3Cb4bgcmi8swLYTm/MmKQh/uG4ZN7V+p5QzhMg4wR88gU0wAKi29BXXw==

"@ra-lib/util@^0.1.21":
  version "0.1.21"
  resolved "https://registry.npmjs.org/@ra-lib/util/-/util-0.1.21.tgz#b2ddf41abe95b0249a6cc27bb3e3a09985e5e3cd"
  integrity sha512-7E8KDVQ5JQww4oA4krI+2iVDxVe99Cxl6toPKmgMHZwKne7s14sevmpBi81fTbtWgn4XzxaUvPVCW8Ag/fxBYQ==
